
Microsoft Visual Studio Solution File, Format Version 12.00
# Visual Studio Version 17
VisualStudioVersion = 17.1.32210.238
MinimumVisualStudioVersion = 10.0.40219.1
Project("{FAE04EC0-301F-11D3-BF4B-00C04F79EFBC}") = "zadanie_19", "zadanie_19\zadanie_19.csproj", "{A569D5EE-F3A5-43AA-9039-68A3161E5AAA}"
EndProject
Global
	GlobalSection(SolutionConfigurationPlatforms) = preSolution
		Debug|Any CPU = Debug|Any CPU
		Release|Any CPU = Release|Any CPU
	EndGlobalSection
	GlobalSection(ProjectConfigurationPlatforms) = postSolution
		{A569D5EE-F3A5-43AA-9039-68A3161E5AAA}.Debug|Any CPU.ActiveCfg = Debug|Any CPU
		{A569D5EE-F3A5-43AA-9039-68A3161E5AAA}.Debug|Any CPU.Build.0 = Debug|Any CPU
		{A569D5EE-F3A5-43AA-9039-68A3161E5AAA}.Release|Any CPU.ActiveCfg = Release|Any CPU
		{A569D5EE-F3A5-43AA-9039-68A3161E5AAA}.Release|Any CPU.Build.0 = Release|Any CPU
	EndGlobalSection
	GlobalSection(SolutionProperties) = preSolution
		HideSolutionNode = FALSE
	EndGlobalSection
	GlobalSection(ExtensibilityGlobals) = postSolution
		SolutionGuid = {9DE62C56-B852-401E-955A-7C45D79C7B94}
	EndGlobalSection
EndGlobal
